
Microsoft Visual Studio Solution File, Format Version 12.00
# Visual Studio Version 17
VisualStudioVersion = 17.13.35818.85 d17.13
MinimumVisualStudioVersion = 10.0.40219.1
Project("{FAE04EC0-301F-11D3-BF4B-00C04F79EFBC}") = "PC-Launcher", "PC-Launcher.csproj", "{23698CDE-0917-4E71-8343-1A3BF83F51F0}"
EndProject
Global
	GlobalSection(SolutionConfigurationPlatforms) = preSolution
		Debug|Any CPU = Debug|Any CPU
		Release|Any CPU = Release|Any CPU
	EndGlobalSection
	GlobalSection(ProjectConfigurationPlatforms) = postSolution
		{23698CDE-0917-4E71-8343-1A3BF83F51F0}.Debug|Any CPU.ActiveCfg = Debug|Any CPU
		{23698CDE-0917-4E71-8343-1A3BF83F51F0}.Debug|Any CPU.Build.0 = Debug|Any CPU
		{23698CDE-0917-4E71-8343-1A3BF83F51F0}.Release|Any CPU.ActiveCfg = Release|Any CPU
		{23698CDE-0917-4E71-8343-1A3BF83F51F0}.Release|Any CPU.Build.0 = Release|Any CPU
	EndGlobalSection
	GlobalSection(SolutionProperties) = preSolution
		HideSolutionNode = FALSE
	EndGlobalSection
	GlobalSection(ExtensibilityGlobals) = postSolution
		SolutionGuid = {FF5B74AC-106F-4DF9-A5FF-44B44A2B7B88}
	EndGlobalSection
EndGlobal
